# This file is automatically @generated by Cargo.
# It is not intended for manual editing.
[[package]]
name = "bitflags"
version = "1.2.1"
source = "registry+https://github.com/rust-lang/crates.io-index"

[[package]]
name = "input"
version = "0.1.0"
dependencies = [
 "input 0.4.1 (registry+https://github.com/rust-lang/crates.io-index)",
 "libc 0.2.66 (registry+https://github.com/rust-lang/crates.io-index)",
 "udev 0.2.0 (registry+https://github.com/rust-lang/crates.io-index)",
]

[[package]]
name = "input"
version = "0.4.1"
source = "registry+https://github.com/rust-lang/crates.io-index"
dependencies = [
 "bitflags 1.2.1 (registry+https://github.com/rust-lang/crates.io-index)",
 "input-sys 1.9.0 (registry+https://github.com/rust-lang/crates.io-index)",
 "libc 0.2.66 (registry+https://github.com/rust-lang/crates.io-index)",
 "udev 0.2.0 (registry+https://github.com/rust-lang/crates.io-index)",
]

[[package]]
name = "input-sys"
version = "1.9.0"
source = "registry+https://github.com/rust-lang/crates.io-index"
dependencies = [
 "libc 0.2.66 (registry+https://github.com/rust-lang/crates.io-index)",
]

[[package]]
name = "libc"
version = "0.2.66"
source = "registry+https://github.com/rust-lang/crates.io-index"

[[package]]
name = "libudev-sys"
version = "0.1.4"
source = "registry+https://github.com/rust-lang/crates.io-index"
dependencies = [
 "libc 0.2.66 (registry+https://github.com/rust-lang/crates.io-index)",
 "pkg-config 0.3.17 (registry+https://github.com/rust-lang/crates.io-index)",
]

[[package]]
name = "pkg-config"
version = "0.3.17"
source = "registry+https://github.com/rust-lang/crates.io-index"

[[package]]
name = "udev"
version = "0.2.0"
source = "registry+https://github.com/rust-lang/crates.io-index"
dependencies = [
 "libc 0.2.66 (registry+https://github.com/rust-lang/crates.io-index)",
 "libudev-sys 0.1.4 (registry+https://github.com/rust-lang/crates.io-index)",
]

[metadata]
"checksum bitflags 1.2.1 (registry+https://github.com/rust-lang/crates.io-index)" = "cf1de2fe8c75bc145a2f577add951f8134889b4795d47466a54a5c846d691693"
"checksum input 0.4.1 (registry+https://github.com/rust-lang/crates.io-index)" = "dba62a57095876d2a1a6ad5d02cbde54ec2815b7219b9ca49d1ab0c0a9de4468"
"checksum input-sys 1.9.0 (registry+https://github.com/rust-lang/crates.io-index)" = "ae2b64cf99b6fecd206430ffc32d9055a83db4b186c8d7901d8f51aa4f1b7878"
"checksum libc 0.2.66 (registry+https://github.com/rust-lang/crates.io-index)" = "d515b1f41455adea1313a4a2ac8a8a477634fbae63cc6100e3aebb207ce61558"
"checksum libudev-sys 0.1.4 (registry+https://github.com/rust-lang/crates.io-index)" = "3c8469b4a23b962c1396b9b451dda50ef5b283e8dd309d69033475fa9b334324"
"checksum pkg-config 0.3.17 (registry+https://github.com/rust-lang/crates.io-index)" = "05da548ad6865900e60eaba7f589cc0783590a92e940c26953ff81ddbab2d677"
"checksum udev 0.2.0 (registry+https://github.com/rust-lang/crates.io-index)" = "47504d1a49b2ea1b133e7ddd1d9f0a83cf03feb9b440c2c470d06db4589cf301"
